
Microsoft Visual Studio Solution File, Format Version 12.00
# Visual Studio Version 17
VisualStudioVersion = 17.14.36202.13
MinimumVisualStudioVersion = 10.0.40219.1
Project("{2150E333-8FDC-42A3-9474-1A3956D46DE8}") = "FrontEnd", "FrontEnd", "{02EA681E-C7D8-13C7-8484-4AC65E1B71E8}"
EndProject
Project("{2150E333-8FDC-42A3-9474-1A3956D46DE8}") = "Gateway", "Gateway", "{EED70E3D-AA78-4BCC-9A23-EDC04C07D30B}"
EndProject
Project("{2150E333-8FDC-42A3-9474-1A3956D46DE8}") = "Integration", "Integration", "{ACA78D3E-2F1A-4D84-A53E-DDFE1AF369D9}"
EndProject
Project("{2150E333-8FDC-42A3-9474-1A3956D46DE8}") = "Services", "Services", "{7E3DE075-74CE-42CD-A8A4-CB5AB2E99B92}"
EndProject
Project("{FAE04EC0-301F-11D3-BF4B-00C04F79EFBC}") = "Mango.Web", "FrontEnd\Mango.Web\Mango.Web.csproj", "{4C126BAB-F774-4B56-9B56-A6AB3B43D469}"
EndProject
Project("{FAE04EC0-301F-11D3-BF4B-00C04F79EFBC}") = "Mango.Services.CouponAPI", "Services\Mango.Services.CouponAPI\Mango.Services.CouponAPI.csproj", "{6D6FAC14-F7A6-E46F-0110-8FFF4E4FB317}"
EndProject
Project("{FAE04EC0-301F-11D3-BF4B-00C04F79EFBC}") = "Mango.Services.AuthAPI", "Services\Mango.Services.AuthAPI\Mango.Services.AuthAPI.csproj", "{EBC6E062-834F-4A28-BD79-DE4D03396A27}"
EndProject
Global
	GlobalSection(SolutionConfigurationPlatforms) = preSolution
		Debug|Any CPU = Debug|Any CPU
		Release|Any CPU = Release|Any CPU
	EndGlobalSection
	GlobalSection(ProjectConfigurationPlatforms) = postSolution
		{4C126BAB-F774-4B56-9B56-A6AB3B43D469}.Debug|Any CPU.ActiveCfg = Debug|Any CPU
		{4C126BAB-F774-4B56-9B56-A6AB3B43D469}.Debug|Any CPU.Build.0 = Debug|Any CPU
		{4C126BAB-F774-4B56-9B56-A6AB3B43D469}.Release|Any CPU.ActiveCfg = Release|Any CPU
		{4C126BAB-F774-4B56-9B56-A6AB3B43D469}.Release|Any CPU.Build.0 = Release|Any CPU
		{6D6FAC14-F7A6-E46F-0110-8FFF4E4FB317}.Debug|Any CPU.ActiveCfg = Debug|Any CPU
		{6D6FAC14-F7A6-E46F-0110-8FFF4E4FB317}.Debug|Any CPU.Build.0 = Debug|Any CPU
		{6D6FAC14-F7A6-E46F-0110-8FFF4E4FB317}.Release|Any CPU.ActiveCfg = Release|Any CPU
		{6D6FAC14-F7A6-E46F-0110-8FFF4E4FB317}.Release|Any CPU.Build.0 = Release|Any CPU
		{EBC6E062-834F-4A28-BD79-DE4D03396A27}.Debug|Any CPU.ActiveCfg = Debug|Any CPU
		{EBC6E062-834F-4A28-BD79-DE4D03396A27}.Debug|Any CPU.Build.0 = Debug|Any CPU
		{EBC6E062-834F-4A28-BD79-DE4D03396A27}.Release|Any CPU.ActiveCfg = Release|Any CPU
		{EBC6E062-834F-4A28-BD79-DE4D03396A27}.Release|Any CPU.Build.0 = Release|Any CPU
	EndGlobalSection
	GlobalSection(SolutionProperties) = preSolution
		HideSolutionNode = FALSE
	EndGlobalSection
	GlobalSection(NestedProjects) = preSolution
		{4C126BAB-F774-4B56-9B56-A6AB3B43D469} = {02EA681E-C7D8-13C7-8484-4AC65E1B71E8}
		{6D6FAC14-F7A6-E46F-0110-8FFF4E4FB317} = {7E3DE075-74CE-42CD-A8A4-CB5AB2E99B92}
		{EBC6E062-834F-4A28-BD79-DE4D03396A27} = {7E3DE075-74CE-42CD-A8A4-CB5AB2E99B92}
	EndGlobalSection
	GlobalSection(ExtensibilityGlobals) = postSolution
		SolutionGuid = {CFB7596F-0734-455C-963C-1BA8A61BA3F5}
	EndGlobalSection
EndGlobal
